
Microsoft Visual Studio Solution File, Format Version 12.00
# Visual Studio Version 17
VisualStudioVersion = 17.8.34330.188
MinimumVisualStudioVersion = 10.0.40219.1
Project("{9A19103F-16F7-4668-BE54-9A1E7A4F7556}") = "Clase1Consola", "Clase1Consola\Clase1Consola.csproj", "{D4E530EB-399D-493A-B715-A6E2C392CFD9}"
EndProject
Project("{9A19103F-16F7-4668-BE54-9A1E7A4F7556}") = "Clase1WinForm", "Clase1WinForm\Clase1WinForm.csproj", "{F6F5D8B2-5070-4D2E-AD3C-40690294B161}"
EndProject
Project("{9A19103F-16F7-4668-BE54-9A1E7A4F7556}") = "Clase1PracticaWinForms", "Clase1PracticaWinForms\Clase1PracticaWinForms.csproj", "{B3E60355-B3B5-4A7E-B0B3-EF774A217A5E}"
EndProject
Project("{9A19103F-16F7-4668-BE54-9A1E7A4F7556}") = "Clase1Actividad1Consola", "Clase1Actividad1Consola\Clase1Actividad1Consola.csproj", "{01E563B0-66F0-417E-874F-B387C540D1E1}"
EndProject
Project("{9A19103F-16F7-4668-BE54-9A1E7A4F7556}") = "Clase1Actividad1WinForms", "Clase1Actividad1WinForms\Clase1Actividad1WinForms.csproj", "{02B781B7-D448-4082-904D-4452A9F0D606}"
EndProject
Project("{9A19103F-16F7-4668-BE54-9A1E7A4F7556}") = "Clase2CondicionalIf", "Clase2VistoEnClase\Clase2CondicionalIf.csproj", "{74AB7DAC-70AD-4DC4-8BF2-C1284AEFE0D2}"
EndProject
Project("{9A19103F-16F7-4668-BE54-9A1E7A4F7556}") = "Clase2CondicionalSwich", "Clase2CondicionalSwich\Clase2CondicionalSwich.csproj", "{3B92D1B1-D995-4F77-8D46-2587BA3BEF07}"
EndProject
Project("{9A19103F-16F7-4668-BE54-9A1E7A4F7556}") = "Clase2CondicionalIfWinForms", "Clase2CondicionalIfWinForms\Clase2CondicionalIfWinForms.csproj", "{08E9A329-6692-4820-9DB6-D0DC08FE86C0}"
EndProject
Project("{9A19103F-16F7-4668-BE54-9A1E7A4F7556}") = "Clase2CondicionalSwichWinForms", "Clase2CondicionalSwichWinForms\Clase2CondicionalSwichWinForms.csproj", "{4E1C4624-EF26-4A37-8AC7-B2FBDFE897D6}"
EndProject
Project("{9A19103F-16F7-4668-BE54-9A1E7A4F7556}") = "Clase2Login", "Clase2ValidandoAcceso\Clase2Login.csproj", "{670CA957-B6C3-48E0-988D-BA6CD297C0A4}"
EndProject
Project("{9A19103F-16F7-4668-BE54-9A1E7A4F7556}") = "Clase2LoginWinForm", "Clase2LoginWinForm\Clase2LoginWinForm.csproj", "{84820D76-D0D7-4DBD-9B05-9AD93E811FB3}"
EndProject
Project("{9A19103F-16F7-4668-BE54-9A1E7A4F7556}") = "Clase3FuncionesEnCadenasDeTexto", "Clase3\Clase3FuncionesEnCadenasDeTexto.csproj", "{44A7641E-C57F-40AF-B493-30D55E7416BA}"
EndProject
Project("{9A19103F-16F7-4668-BE54-9A1E7A4F7556}") = "Clase3CiclosOBucles", "Clase3CiclosOBucles\Clase3CiclosOBucles.csproj", "{753CF95D-ACD8-48D0-81B4-A63E9BA206B5}"
EndProject
Project("{9A19103F-16F7-4668-BE54-9A1E7A4F7556}") = "Clase3LoginActividad", "Clase3LoginActividad\Clase3LoginActividad.csproj", "{A30BB577-6800-4557-A089-FDAFDAA344D1}"
EndProject
Project("{9A19103F-16F7-4668-BE54-9A1E7A4F7556}") = "Clase4Funciones", "Clase4Funciones\Clase4Funciones.csproj", "{DF6484EE-B7BA-4380-9BE7-A9355862BFF8}"
EndProject
Project("{9A19103F-16F7-4668-BE54-9A1E7A4F7556}") = "Clase4FuncionesActividad1", "Clase4FuncionesActividad1\Clase4FuncionesActividad1.csproj", "{BFD3A346-7EEE-4085-ADA6-A1FA33C9EEE3}"
EndProject
Project("{9A19103F-16F7-4668-BE54-9A1E7A4F7556}") = "Clase4FuncionesActividad2", "Clase4FuncionesActividad2\Clase4FuncionesActividad2.csproj", "{D510359F-B0BC-46A2-922F-537EB3F2E232}"
EndProject
Project("{9A19103F-16F7-4668-BE54-9A1E7A4F7556}") = "Clase5ClasesYObjetos", "Clase05ClasesYObjetos\Clase5ClasesYObjetos.csproj", "{CC791577-85AD-4EE1-B087-706F0F3F6F2F}"
EndProject
Project("{9A19103F-16F7-4668-BE54-9A1E7A4F7556}") = "Clase4zAfter", "Clase4_5After\Clase4zAfter.csproj", "{BA84E269-3448-4F79-951C-E0C47D6B0636}"
EndProject
Project("{9A19103F-16F7-4668-BE54-9A1E7A4F7556}") = "Clase4zAfterReciboSueldoWinForm", "Clase4zAfterReciboSueldoWinForm\Clase4zAfterReciboSueldoWinForm.csproj", "{E26C1D7F-37DE-4F5F-8B4C-87F682AA1CB0}"
EndProject
Project("{9A19103F-16F7-4668-BE54-9A1E7A4F7556}") = "Clase5ClasesYObjetosActividad", "Clase5ClasesYObjetosActividad\Clase5ClasesYObjetosActividad.csproj", "{F5D842CB-45B2-4332-B507-349C3CE28CDD}"
EndProject
Project("{9A19103F-16F7-4668-BE54-9A1E7A4F7556}") = "Clase6TiposDeClasesHerenciaInterfaces", "Clase6TiposDeClasesHerenciaInterfaces\Clase6TiposDeClasesHerenciaInterfaces.csproj", "{4534C154-FF16-44B3-B131-DE6ECE6E64EA}"
EndProject
Project("{9A19103F-16F7-4668-BE54-9A1E7A4F7556}") = "Clase6ActividadJugadores", "Clase6ActividadJugadores\Clase6ActividadJugadores.csproj", "{46687B38-921C-4CED-99D5-443B945804B9}"
EndProject
Project("{9A19103F-16F7-4668-BE54-9A1E7A4F7556}") = "Clase6ProyectoFinalPrimerosPasos", "Clase6ProyectoFinalPrimerosPasos\Clase6ProyectoFinalPrimerosPasos.csproj", "{BEBC62BF-2D0B-4BE0-90D4-149F928A8DBD}"
EndProject
Project("{9A19103F-16F7-4668-BE54-9A1E7A4F7556}") = "Clase7ListasBasicos", "Clase7ListasBasicos\Clase7ListasBasicos.csproj", "{A5BC5CA9-5772-48C5-BE94-5AB26097E40C}"
EndProject
Project("{9A19103F-16F7-4668-BE54-9A1E7A4F7556}") = "Clase7ListasBasicosWinForm", "Clase7ListasBasicosWinForm\Clase7ListasBasicosWinForm.csproj", "{44043378-9EAB-4392-AA98-836D78FCF17B}"
EndProject
Project("{9A19103F-16F7-4668-BE54-9A1E7A4F7556}") = "Clase7ListasBasicoWinFormActividad1", "Clase7ListasBasicoWinFormActividad1\Clase7ListasBasicoWinFormActividad1.csproj", "{C29E4D5C-671A-49CE-8CA7-F2D4F3A82B9F}"
EndProject
Project("{9A19103F-16F7-4668-BE54-9A1E7A4F7556}") = "Clase7ListasBasicoWinFormActividad2", "Clase7ListasBasicoWinFormActividad2\Clase7ListasBasicoWinFormActividad2.csproj", "{59668777-5612-4424-8D43-644AA625215B}"
EndProject
Project("{9A19103F-16F7-4668-BE54-9A1E7A4F7556}") = "Clase8ListasYMatricesAvanzado", "Clase8ListasYMatricesAvanzado\Clase8ListasYMatricesAvanzado.csproj", "{1384DC1D-3811-42BB-A196-42B816534DE1}"
EndProject
Project("{9A19103F-16F7-4668-BE54-9A1E7A4F7556}") = "Clase8MatrizMultidimensional", "Clase8MatrizMultidimensional\Clase8MatrizMultidimensional.csproj", "{3C511719-D860-46C8-83A5-486D83610161}"
EndProject
Project("{9A19103F-16F7-4668-BE54-9A1E7A4F7556}") = "Clase8ListasYMatricesActividad1", "Clase8ListasYMatricesActividad1\Clase8ListasYMatricesActividad1.csproj", "{667843A1-4D3A-46F0-8602-5ECB5DA36795}"
EndProject
Project("{9A19103F-16F7-4668-BE54-9A1E7A4F7556}") = "Clase9ConsultaDatosADO_NET", "Clase9ConsultaDatosADO_NET\Clase9ConsultaDatosADO_NET.csproj", "{FC9B4A08-12C7-4FE0-91AE-5349ED1993D5}"
EndProject
Project("{FAE04EC0-301F-11D3-BF4B-00C04F79EFBC}") = "Clase9ConsultaDatosADO_NET_actividadEnClaseForm", "Clase9ConsultaDatosADO_NET_actividadEnClaseForm\Clase9ConsultaDatosADO_NET_actividadEnClaseForm.csproj", "{15EFF64E-DF02-46AC-B060-2D4FC8A12CA1}"
EndProject
Project("{FAE04EC0-301F-11D3-BF4B-00C04F79EFBC}") = "Clase9ConsultaDatosADO_NET_actividadEnClaseForm2", "Clase9ConsultaDatosADO_NET_actividadEnClaseForm2\Clase9ConsultaDatosADO_NET_actividadEnClaseForm2.csproj", "{A733C685-1709-4548-91F6-A95DAF6D9959}"
EndProject
Global
	GlobalSection(SolutionConfigurationPlatforms) = preSolution
		Debug|Any CPU = Debug|Any CPU
		Release|Any CPU = Release|Any CPU
	EndGlobalSection
	GlobalSection(ProjectConfigurationPlatforms) = postSolution
		{D4E530EB-399D-493A-B715-A6E2C392CFD9}.Debug|Any CPU.ActiveCfg = Debug|Any CPU
		{D4E530EB-399D-493A-B715-A6E2C392CFD9}.Debug|Any CPU.Build.0 = Debug|Any CPU
		{D4E530EB-399D-493A-B715-A6E2C392CFD9}.Release|Any CPU.ActiveCfg = Release|Any CPU
		{D4E530EB-399D-493A-B715-A6E2C392CFD9}.Release|Any CPU.Build.0 = Release|Any CPU
		{F6F5D8B2-5070-4D2E-AD3C-40690294B161}.Debug|Any CPU.ActiveCfg = Debug|Any CPU
		{F6F5D8B2-5070-4D2E-AD3C-40690294B161}.Debug|Any CPU.Build.0 = Debug|Any CPU
		{F6F5D8B2-5070-4D2E-AD3C-40690294B161}.Release|Any CPU.ActiveCfg = Release|Any CPU
		{F6F5D8B2-5070-4D2E-AD3C-40690294B161}.Release|Any CPU.Build.0 = Release|Any CPU
		{B3E60355-B3B5-4A7E-B0B3-EF774A217A5E}.Debug|Any CPU.ActiveCfg = Debug|Any CPU
		{B3E60355-B3B5-4A7E-B0B3-EF774A217A5E}.Debug|Any CPU.Build.0 = Debug|Any CPU
		{B3E60355-B3B5-4A7E-B0B3-EF774A217A5E}.Release|Any CPU.ActiveCfg = Release|Any CPU
		{B3E60355-B3B5-4A7E-B0B3-EF774A217A5E}.Release|Any CPU.Build.0 = Release|Any CPU
		{01E563B0-66F0-417E-874F-B387C540D1E1}.Debug|Any CPU.ActiveCfg = Debug|Any CPU
		{01E563B0-66F0-417E-874F-B387C540D1E1}.Debug|Any CPU.Build.0 = Debug|Any CPU
		{01E563B0-66F0-417E-874F-B387C540D1E1}.Release|Any CPU.ActiveCfg = Release|Any CPU
		{01E563B0-66F0-417E-874F-B387C540D1E1}.Release|Any CPU.Build.0 = Release|Any CPU
		{02B781B7-D448-4082-904D-4452A9F0D606}.Debug|Any CPU.ActiveCfg = Debug|Any CPU
		{02B781B7-D448-4082-904D-4452A9F0D606}.Debug|Any CPU.Build.0 = Debug|Any CPU
		{02B781B7-D448-4082-904D-4452A9F0D606}.Release|Any CPU.ActiveCfg = Release|Any CPU
		{02B781B7-D448-4082-904D-4452A9F0D606}.Release|Any CPU.Build.0 = Release|Any CPU
		{74AB7DAC-70AD-4DC4-8BF2-C1284AEFE0D2}.Debug|Any CPU.ActiveCfg = Debug|Any CPU
		{74AB7DAC-70AD-4DC4-8BF2-C1284AEFE0D2}.Debug|Any CPU.Build.0 = Debug|Any CPU
		{74AB7DAC-70AD-4DC4-8BF2-C1284AEFE0D2}.Release|Any CPU.ActiveCfg = Release|Any CPU
		{74AB7DAC-70AD-4DC4-8BF2-C1284AEFE0D2}.Release|Any CPU.Build.0 = Release|Any CPU
		{3B92D1B1-D995-4F77-8D46-2587BA3BEF07}.Debug|Any CPU.ActiveCfg = Debug|Any CPU
		{3B92D1B1-D995-4F77-8D46-2587BA3BEF07}.Debug|Any CPU.Build.0 = Debug|Any CPU
		{3B92D1B1-D995-4F77-8D46-2587BA3BEF07}.Release|Any CPU.ActiveCfg = Release|Any CPU
		{3B92D1B1-D995-4F77-8D46-2587BA3BEF07}.Release|Any CPU.Build.0 = Release|Any CPU
		{08E9A329-6692-4820-9DB6-D0DC08FE86C0}.Debug|Any CPU.ActiveCfg = Debug|Any CPU
		{08E9A329-6692-4820-9DB6-D0DC08FE86C0}.Debug|Any CPU.Build.0 = Debug|Any CPU
		{08E9A329-6692-4820-9DB6-D0DC08FE86C0}.Release|Any CPU.ActiveCfg = Release|Any CPU
		{08E9A329-6692-4820-9DB6-D0DC08FE86C0}.Release|Any CPU.Build.0 = Release|Any CPU
		{4E1C4624-EF26-4A37-8AC7-B2FBDFE897D6}.Debug|Any CPU.ActiveCfg = Debug|Any CPU
		{4E1C4624-EF26-4A37-8AC7-B2FBDFE897D6}.Debug|Any CPU.Build.0 = Debug|Any CPU
		{4E1C4624-EF26-4A37-8AC7-B2FBDFE897D6}.Release|Any CPU.ActiveCfg = Release|Any CPU
		{4E1C4624-EF26-4A37-8AC7-B2FBDFE897D6}.Release|Any CPU.Build.0 = Release|Any CPU
		{670CA957-B6C3-48E0-988D-BA6CD297C0A4}.Debug|Any CPU.ActiveCfg = Debug|Any CPU
		{670CA957-B6C3-48E0-988D-BA6CD297C0A4}.Debug|Any CPU.Build.0 = Debug|Any CPU
		{670CA957-B6C3-48E0-988D-BA6CD297C0A4}.Release|Any CPU.ActiveCfg = Release|Any CPU
		{670CA957-B6C3-48E0-988D-BA6CD297C0A4}.Release|Any CPU.Build.0 = Release|Any CPU
		{84820D76-D0D7-4DBD-9B05-9AD93E811FB3}.Debug|Any CPU.ActiveCfg = Debug|Any CPU
		{84820D76-D0D7-4DBD-9B05-9AD93E811FB3}.Debug|Any CPU.Build.0 = Debug|Any CPU
		{84820D76-D0D7-4DBD-9B05-9AD93E811FB3}.Release|Any CPU.ActiveCfg = Release|Any CPU
		{84820D76-D0D7-4DBD-9B05-9AD93E811FB3}.Release|Any CPU.Build.0 = Release|Any CPU
		{44A7641E-C57F-40AF-B493-30D55E7416BA}.Debug|Any CPU.ActiveCfg = Debug|Any CPU
		{44A7641E-C57F-40AF-B493-30D55E7416BA}.Debug|Any CPU.Build.0 = Debug|Any CPU
		{44A7641E-C57F-40AF-B493-30D55E7416BA}.Release|Any CPU.ActiveCfg = Release|Any CPU
		{44A7641E-C57F-40AF-B493-30D55E7416BA}.Release|Any CPU.Build.0 = Release|Any CPU
		{753CF95D-ACD8-48D0-81B4-A63E9BA206B5}.Debug|Any CPU.ActiveCfg = Debug|Any CPU
		{753CF95D-ACD8-48D0-81B4-A63E9BA206B5}.Debug|Any CPU.Build.0 = Debug|Any CPU
		{753CF95D-ACD8-48D0-81B4-A63E9BA206B5}.Release|Any CPU.ActiveCfg = Release|Any CPU
		{753CF95D-ACD8-48D0-81B4-A63E9BA206B5}.Release|Any CPU.Build.0 = Release|Any CPU
		{A30BB577-6800-4557-A089-FDAFDAA344D1}.Debug|Any CPU.ActiveCfg = Debug|Any CPU
		{A30BB577-6800-4557-A089-FDAFDAA344D1}.Debug|Any CPU.Build.0 = Debug|Any CPU
		{A30BB577-6800-4557-A089-FDAFDAA344D1}.Release|Any CPU.ActiveCfg = Release|Any CPU
		{A30BB577-6800-4557-A089-FDAFDAA344D1}.Release|Any CPU.Build.0 = Release|Any CPU
		{DF6484EE-B7BA-4380-9BE7-A9355862BFF8}.Debug|Any CPU.ActiveCfg = Debug|Any CPU
		{DF6484EE-B7BA-4380-9BE7-A9355862BFF8}.Debug|Any CPU.Build.0 = Debug|Any CPU
		{DF6484EE-B7BA-4380-9BE7-A9355862BFF8}.Release|Any CPU.ActiveCfg = Release|Any CPU
		{DF6484EE-B7BA-4380-9BE7-A9355862BFF8}.Release|Any CPU.Build.0 = Release|Any CPU
		{BFD3A346-7EEE-4085-ADA6-A1FA33C9EEE3}.Debug|Any CPU.ActiveCfg = Debug|Any CPU
		{BFD3A346-7EEE-4085-ADA6-A1FA33C9EEE3}.Debug|Any CPU.Build.0 = Debug|Any CPU
		{BFD3A346-7EEE-4085-ADA6-A1FA33C9EEE3}.Release|Any CPU.ActiveCfg = Release|Any CPU
		{BFD3A346-7EEE-4085-ADA6-A1FA33C9EEE3}.Release|Any CPU.Build.0 = Release|Any CPU
		{D510359F-B0BC-46A2-922F-537EB3F2E232}.Debug|Any CPU.ActiveCfg = Debug|Any CPU
		{D510359F-B0BC-46A2-922F-537EB3F2E232}.Debug|Any CPU.Build.0 = Debug|Any CPU
		{D510359F-B0BC-46A2-922F-537EB3F2E232}.Release|Any CPU.ActiveCfg = Release|Any CPU
		{D510359F-B0BC-46A2-922F-537EB3F2E232}.Release|Any CPU.Build.0 = Release|Any CPU
		{CC791577-85AD-4EE1-B087-706F0F3F6F2F}.Debug|Any CPU.ActiveCfg = Debug|Any CPU
		{CC791577-85AD-4EE1-B087-706F0F3F6F2F}.Debug|Any CPU.Build.0 = Debug|Any CPU
		{CC791577-85AD-4EE1-B087-706F0F3F6F2F}.Release|Any CPU.ActiveCfg = Release|Any CPU
		{CC791577-85AD-4EE1-B087-706F0F3F6F2F}.Release|Any CPU.Build.0 = Release|Any CPU
		{BA84E269-3448-4F79-951C-E0C47D6B0636}.Debug|Any CPU.ActiveCfg = Debug|Any CPU
		{BA84E269-3448-4F79-951C-E0C47D6B0636}.Debug|Any CPU.Build.0 = Debug|Any CPU
		{BA84E269-3448-4F79-951C-E0C47D6B0636}.Release|Any CPU.ActiveCfg = Release|Any CPU
		{BA84E269-3448-4F79-951C-E0C47D6B0636}.Release|Any CPU.Build.0 = Release|Any CPU
		{E26C1D7F-37DE-4F5F-8B4C-87F682AA1CB0}.Debug|Any CPU.ActiveCfg = Debug|Any CPU
		{E26C1D7F-37DE-4F5F-8B4C-87F682AA1CB0}.Debug|Any CPU.Build.0 = Debug|Any CPU
		{E26C1D7F-37DE-4F5F-8B4C-87F682AA1CB0}.Release|Any CPU.ActiveCfg = Release|Any CPU
		{E26C1D7F-37DE-4F5F-8B4C-87F682AA1CB0}.Release|Any CPU.Build.0 = Release|Any CPU
		{F5D842CB-45B2-4332-B507-349C3CE28CDD}.Debug|Any CPU.ActiveCfg = Debug|Any CPU
		{F5D842CB-45B2-4332-B507-349C3CE28CDD}.Debug|Any CPU.Build.0 = Debug|Any CPU
		{F5D842CB-45B2-4332-B507-349C3CE28CDD}.Release|Any CPU.ActiveCfg = Release|Any CPU
		{F5D842CB-45B2-4332-B507-349C3CE28CDD}.Release|Any CPU.Build.0 = Release|Any CPU
		{4534C154-FF16-44B3-B131-DE6ECE6E64EA}.Debug|Any CPU.ActiveCfg = Debug|Any CPU
		{4534C154-FF16-44B3-B131-DE6ECE6E64EA}.Debug|Any CPU.Build.0 = Debug|Any CPU
		{4534C154-FF16-44B3-B131-DE6ECE6E64EA}.Release|Any CPU.ActiveCfg = Release|Any CPU
		{4534C154-FF16-44B3-B131-DE6ECE6E64EA}.Release|Any CPU.Build.0 = Release|Any CPU
		{46687B38-921C-4CED-99D5-443B945804B9}.Debug|Any CPU.ActiveCfg = Debug|Any CPU
		{46687B38-921C-4CED-99D5-443B945804B9}.Debug|Any CPU.Build.0 = Debug|Any CPU
		{46687B38-921C-4CED-99D5-443B945804B9}.Release|Any CPU.ActiveCfg = Release|Any CPU
		{46687B38-921C-4CED-99D5-443B945804B9}.Release|Any CPU.Build.0 = Release|Any CPU
		{BEBC62BF-2D0B-4BE0-90D4-149F928A8DBD}.Debug|Any CPU.ActiveCfg = Debug|Any CPU
		{BEBC62BF-2D0B-4BE0-90D4-149F928A8DBD}.Debug|Any CPU.Build.0 = Debug|Any CPU
		{BEBC62BF-2D0B-4BE0-90D4-149F928A8DBD}.Release|Any CPU.ActiveCfg = Release|Any CPU
		{BEBC62BF-2D0B-4BE0-90D4-149F928A8DBD}.Release|Any CPU.Build.0 = Release|Any CPU
		{A5BC5CA9-5772-48C5-BE94-5AB26097E40C}.Debug|Any CPU.ActiveCfg = Debug|Any CPU
		{A5BC5CA9-5772-48C5-BE94-5AB26097E40C}.Debug|Any CPU.Build.0 = Debug|Any CPU
		{A5BC5CA9-5772-48C5-BE94-5AB26097E40C}.Release|Any CPU.ActiveCfg = Release|Any CPU
		{A5BC5CA9-5772-48C5-BE94-5AB26097E40C}.Release|Any CPU.Build.0 = Release|Any CPU
		{44043378-9EAB-4392-AA98-836D78FCF17B}.Debug|Any CPU.ActiveCfg = Debug|Any CPU
		{44043378-9EAB-4392-AA98-836D78FCF17B}.Debug|Any CPU.Build.0 = Debug|Any CPU
		{44043378-9EAB-4392-AA98-836D78FCF17B}.Release|Any CPU.ActiveCfg = Release|Any CPU
		{44043378-9EAB-4392-AA98-836D78FCF17B}.Release|Any CPU.Build.0 = Release|Any CPU
		{C29E4D5C-671A-49CE-8CA7-F2D4F3A82B9F}.Debug|Any CPU.ActiveCfg = Debug|Any CPU
		{C29E4D5C-671A-49CE-8CA7-F2D4F3A82B9F}.Debug|Any CPU.Build.0 = Debug|Any CPU
		{C29E4D5C-671A-49CE-8CA7-F2D4F3A82B9F}.Release|Any CPU.ActiveCfg = Release|Any CPU
		{C29E4D5C-671A-49CE-8CA7-F2D4F3A82B9F}.Release|Any CPU.Build.0 = Release|Any CPU
		{59668777-5612-4424-8D43-644AA625215B}.Debug|Any CPU.ActiveCfg = Debug|Any CPU
		{59668777-5612-4424-8D43-644AA625215B}.Debug|Any CPU.Build.0 = Debug|Any CPU
		{59668777-5612-4424-8D43-644AA625215B}.Release|Any CPU.ActiveCfg = Release|Any CPU
		{59668777-5612-4424-8D43-644AA625215B}.Release|Any CPU.Build.0 = Release|Any CPU
		{1384DC1D-3811-42BB-A196-42B816534DE1}.Debug|Any CPU.ActiveCfg = Debug|Any CPU
		{1384DC1D-3811-42BB-A196-42B816534DE1}.Debug|Any CPU.Build.0 = Debug|Any CPU
		{1384DC1D-3811-42BB-A196-42B816534DE1}.Release|Any CPU.ActiveCfg = Release|Any CPU
		{1384DC1D-3811-42BB-A196-42B816534DE1}.Release|Any CPU.Build.0 = Release|Any CPU
		{3C511719-D860-46C8-83A5-486D83610161}.Debug|Any CPU.ActiveCfg = Debug|Any CPU
		{3C511719-D860-46C8-83A5-486D83610161}.Debug|Any CPU.Build.0 = Debug|Any CPU
		{3C511719-D860-46C8-83A5-486D83610161}.Release|Any CPU.ActiveCfg = Release|Any CPU
		{3C511719-D860-46C8-83A5-486D83610161}.Release|Any CPU.Build.0 = Release|Any CPU
		{667843A1-4D3A-46F0-8602-5ECB5DA36795}.Debug|Any CPU.ActiveCfg = Debug|Any CPU
		{667843A1-4D3A-46F0-8602-5ECB5DA36795}.Debug|Any CPU.Build.0 = Debug|Any CPU
		{667843A1-4D3A-46F0-8602-5ECB5DA36795}.Release|Any CPU.ActiveCfg = Release|Any CPU
		{667843A1-4D3A-46F0-8602-5ECB5DA36795}.Release|Any CPU.Build.0 = Release|Any CPU
		{FC9B4A08-12C7-4FE0-91AE-5349ED1993D5}.Debug|Any CPU.ActiveCfg = Debug|Any CPU
		{FC9B4A08-12C7-4FE0-91AE-5349ED1993D5}.Debug|Any CPU.Build.0 = Debug|Any CPU
		{FC9B4A08-12C7-4FE0-91AE-5349ED1993D5}.Release|Any CPU.ActiveCfg = Release|Any CPU
		{FC9B4A08-12C7-4FE0-91AE-5349ED1993D5}.Release|Any CPU.Build.0 = Release|Any CPU
		{15EFF64E-DF02-46AC-B060-2D4FC8A12CA1}.Debug|Any CPU.ActiveCfg = Debug|Any CPU
		{15EFF64E-DF02-46AC-B060-2D4FC8A12CA1}.Debug|Any CPU.Build.0 = Debug|Any CPU
		{15EFF64E-DF02-46AC-B060-2D4FC8A12CA1}.Release|Any CPU.ActiveCfg = Release|Any CPU
		{15EFF64E-DF02-46AC-B060-2D4FC8A12CA1}.Release|Any CPU.Build.0 = Release|Any CPU
		{A733C685-1709-4548-91F6-A95DAF6D9959}.Debug|Any CPU.ActiveCfg = Debug|Any CPU
		{A733C685-1709-4548-91F6-A95DAF6D9959}.Debug|Any CPU.Build.0 = Debug|Any CPU
		{A733C685-1709-4548-91F6-A95DAF6D9959}.Release|Any CPU.ActiveCfg = Release|Any CPU
		{A733C685-1709-4548-91F6-A95DAF6D9959}.Release|Any CPU.Build.0 = Release|Any CPU
	EndGlobalSection
	GlobalSection(SolutionProperties) = preSolution
		HideSolutionNode = FALSE
	EndGlobalSection
	GlobalSection(ExtensibilityGlobals) = postSolution
		SolutionGuid = {0DA01789-FA4B-4DD0-93F0-971F4BA4A3F3}
	EndGlobalSection
EndGlobal
